// !$*UTF8*$!
{
	archiveVersion = 1;
	classes = {
	};
	objectVersion = 46;
	objects = {

/* Begin PBXBuildFile section */
		0F24ED011DF115CD00C678F1 /* AppDelegate.swift in Sources */ = {isa = PBXBuildFile; fileRef = 0F24ED001DF115CD00C678F1 /* AppDelegate.swift */; };
		0F24ED031DF115CD00C678F1 /* ViewController.swift in Sources */ = {isa = PBXBuildFile; fileRef = 0F24ED021DF115CD00C678F1 /* ViewController.swift */; };
		0F24ED061DF115CD00C678F1 /* Main.storyboard in Resources */ = {isa = PBXBuildFile; fileRef = 0F24ED041DF115CD00C678F1 /* Main.storyboard */; };
		0F24ED081DF115CD00C678F1 /* Assets.xcassets in Resources */ = {isa = PBXBuildFile; fileRef = 0F24ED071DF115CD00C678F1 /* Assets.xcassets */; };
		0F24ED0B1DF115CD00C678F1 /* LaunchScreen.storyboard in Resources */ = {isa = PBXBuildFile; fileRef = 0F24ED091DF115CD00C678F1 /* LaunchScreen.storyboard */; };
		0F24ED161DF115CD00C678F1 /* STCustomWidthLayoutExampleUITests.swift in Sources */ = {isa = PBXBuildFile; fileRef = 0F24ED151DF115CD00C678F1 /* STCustomWidthLayoutExampleUITests.swift */; };
		84FC5CCC82F6891E1EA0DA78 /* Pods_STCustomWidthLayoutExample.framework in Frameworks */ = {isa = PBXBuildFile; fileRef = 1C9808295717BF6DC33FC91E /* Pods_STCustomWidthLayoutExample.framework */; };
/* End PBXBuildFile section */

/* Begin PBXContainerItemProxy section */
		0F24ED121DF115CD00C678F1 /* PBXContainerItemProxy */ = {
			isa = PBXContainerItemProxy;
			containerPortal = 0F24ECF51DF115CD00C678F1 /* Project object */;
			proxyType = 1;
			remoteGlobalIDString = 0F24ECFC1DF115CD00C678F1;
			remoteInfo = STCustomWidthLayoutExample;
		};
/* End PBXContainerItemProxy section */

/* Begin PBXFileReference section */
		0F24ECFD1DF115CD00C678F1 /* STCustomWidthLayoutExample.app */ = {isa = PBXFileReference; explicitFileType = wrapper.application; includeInIndex = 0; path = STCustomWidthLayoutExample.app; sourceTree = BUILT_PRODUCTS_DIR; };
		0F24ED001DF115CD00C678F1 /* AppDelegate.swift */ = {isa = PBXFileReference; lastKnownFileType = sourcecode.swift; path = AppDelegate.swift; sourceTree = "<group>"; };
		0F24ED021DF115CD00C678F1 /* ViewController.swift */ = {isa = PBXFileReference; lastKnownFileType = sourcecode.swift; path = ViewController.swift; sourceTree = "<group>"; };
		0F24ED051DF115CD00C678F1 /* Base */ = {isa = PBXFileReference; lastKnownFileType = file.storyboard; name = Base; path = Base.lproj/Main.storyboard; sourceTree = "<group>"; };
		0F24ED071DF115CD00C678F1 /* Assets.xcassets */ = {isa = PBXFileReference; lastKnownFileType = folder.assetcatalog; path = Assets.xcassets; sourceTree = "<group>"; };
		0F24ED0A1DF115CD00C678F1 /* Base */ = {isa = PBXFileReference; lastKnownFileType = file.storyboard; name = Base; path = Base.lproj/LaunchScreen.storyboard; sourceTree = "<group>"; };
		0F24ED0C1DF115CD00C678F1 /* Info.plist */ = {isa = PBXFileReference; lastKnownFileType = text.plist.xml; path = Info.plist; sourceTree = "<group>"; };
		0F24ED111DF115CD00C678F1 /* STCustomWidthLayoutExampleUITests.xctest */ = {isa = PBXFileReference; explicitFileType = wrapper.cfbundle; includeInIndex = 0; path = STCustomWidthLayoutExampleUITests.xctest; sourceTree = BUILT_PRODUCTS_DIR; };
		0F24ED151DF115CD00C678F1 /* STCustomWidthLayoutExampleUITests.swift */ = {isa = PBXFileReference; lastKnownFileType = sourcecode.swift; path = STCustomWidthLayoutExampleUITests.swift; sourceTree = "<group>"; };
		0F24ED171DF115CD00C678F1 /* Info.plist */ = {isa = PBXFileReference; lastKnownFileType = text.plist.xml; path = Info.plist; sourceTree = "<group>"; };
		1C9808295717BF6DC33FC91E /* Pods_STCustomWidthLayoutExample.framework */ = {isa = PBXFileReference; explicitFileType = wrapper.framework; includeInIndex = 0; path = Pods_STCustomWidthLayoutExample.framework; sourceTree = BUILT_PRODUCTS_DIR; };
		586F1241A4105634740141E9 /* Pods-STCustomWidthLayoutExample.release.xcconfig */ = {isa = PBXFileReference; includeInIndex = 1; lastKnownFileType = text.xcconfig; name = "Pods-STCustomWidthLayoutExample.release.xcconfig"; path = "Pods/Target Support Files/Pods-STCustomWidthLayoutExample/Pods-STCustomWidthLayoutExample.release.xcconfig"; sourceTree = "<group>"; };
		ECAB764130594BE941125076 /* Pods-STCustomWidthLayoutExample.debug.xcconfig */ = {isa = PBXFileReference; includeInIndex = 1; lastKnownFileType = text.xcconfig; name = "Pods-STCustomWidthLayoutExample.debug.xcconfig"; path = "Pods/Target Support Files/Pods-STCustomWidthLayoutExample/Pods-STCustomWidthLayoutExample.debug.xcconfig"; sourceTree = "<group>"; };
/* End PBXFileReference section */

/* Begin PBXFrameworksBuildPhase section */
		0F24ECFA1DF115CD00C678F1 /* Frameworks */ = {
			isa = PBXFrameworksBuildPhase;
			buildActionMask = 2147483647;
			files = (
				84FC5CCC82F6891E1EA0DA78 /* Pods_STCustomWidthLayoutExample.framework in Frameworks */,
			);
			runOnlyForDeploymentPostprocessing = 0;
		};
		0F24ED0E1DF115CD00C678F1 /* Frameworks */ = {
			isa = PBXFrameworksBuildPhase;
			buildActionMask = 2147483647;
			files = (
			);
			runOnlyForDeploymentPostprocessing = 0;
		};
/* End PBXFrameworksBuildPhase section */

/* Begin PBXGroup section */
		0F24ECF41DF115CD00C678F1 = {
			isa = PBXGroup;
			children = (
				0F24ECFF1DF115CD00C678F1 /* STCustomWidthLayoutExample */,
				0F24ED141DF115CD00C678F1 /* STCustomWidthLayoutExampleUITests */,
				0F24ECFE1DF115CD00C678F1 /* Products */,
				B516AF38A38E6F9C12E43649 /* Pods */,
				A7409408E109D39CD840E951 /* Frameworks */,
			);
			sourceTree = "<group>";
		};
		0F24ECFE1DF115CD00C678F1 /* Products */ = {
			isa = PBXGroup;
			children = (
				0F24ECFD1DF115CD00C678F1 /* STCustomWidthLayoutExample.app */,
				0F24ED111DF115CD00C678F1 /* STCustomWidthLayoutExampleUITests.xctest */,
			);
			name = Products;
			sourceTree = "<group>";
		};
		0F24ECFF1DF115CD00C678F1 /* STCustomWidthLayoutExample */ = {
			isa = PBXGroup;
			children = (
				0F24ED001DF115CD00C678F1 /* AppDelegate.swift */,
				0F24ED021DF115CD00C678F1 /* ViewController.swift */,
				0F24ED041DF115CD00C678F1 /* Main.storyboard */,
				0F24ED071DF115CD00C678F1 /* Assets.xcassets */,
				0F24ED091DF115CD00C678F1 /* LaunchScreen.storyboard */,
				0F24ED0C1DF115CD00C678F1 /* Info.plist */,
			);
			path = STCustomWidthLayoutExample;
			sourceTree = "<group>";
		};
		0F24ED141DF115CD00C678F1 /* STCustomWidthLayoutExampleUITests */ = {
			isa = PBXGroup;
			children = (
				0F24ED151DF115CD00C678F1 /* STCustomWidthLayoutExampleUITests.swift */,
				0F24ED171DF115CD00C678F1 /* Info.plist */,
			);
			path = STCustomWidthLayoutExampleUITests;
			sourceTree = "<group>";
		};
		A7409408E109D39CD840E951 /* Frameworks */ = {
			isa = PBXGroup;
			children = (
				1C9808295717BF6DC33FC91E /* Pods_STCustomWidthLayoutExample.framework */,
			);
			name = Frameworks;
			sourceTree = "<group>";
		};
		B516AF38A38E6F9C12E43649 /* Pods */ = {
			isa = PBXGroup;
			children = (
				ECAB764130594BE941125076 /* Pods-STCustomWidthLayoutExample.debug.xcconfig */,
				586F1241A4105634740141E9 /* Pods-STCustomWidthLayoutExample.release.xcconfig */,
			);
			name = Pods;
			sourceTree = "<group>";
		};
/* End PBXGroup section */

/* Begin PBXNativeTarget section */
		0F24ECFC1DF115CD00C678F1 /* STCustomWidthLayoutExample */ = {
			isa = PBXNativeTarget;
			buildConfigurationList = 0F24ED1A1DF115CD00C678F1 /* Build configuration list for PBXNativeTarget "STCustomWidthLayoutExample" */;
			buildPhases = (
				2570A613FCD7992DE5EDAD11 /* [CP] Check Pods Manifest.lock */,
				0F24ECF91DF115CD00C678F1 /* Sources */,
				0F24ECFA1DF115CD00C678F1 /* Frameworks */,
				0F24ECFB1DF115CD00C678F1 /* Resources */,
				74AEF64FE1B067CA8B1304F3 /* [CP] Embed Pods Frameworks */,
				F34315A3957AA4FA00547FE2 /* [CP] Copy Pods Resources */,
			);
			buildRules = (
			);
			dependencies = (
			);
			name = STCustomWidthLayoutExample;
			productName = STCustomWidthLayoutExample;
			productReference = 0F24ECFD1DF115CD00C678F1 /* STCustomWidthLayoutExample.app */;
			productType = "com.apple.product-type.application";
		};
		0F24ED101DF115CD00C678F1 /* STCustomWidthLayoutExampleUITests */ = {
			isa = PBXNativeTarget;
			buildConfigurationList = 0F24ED1D1DF115CD00C678F1 /* Build configuration list for PBXNativeTarget "STCustomWidthLayoutExampleUITests" */;
			buildPhases = (
				0F24ED0D1DF115CD00C678F1 /* Sources */,
				0F24ED0E1DF115CD00C678F1 /* Frameworks */,
				0F24ED0F1DF115CD00C678F1 /* Resources */,
			);
			buildRules = (
			);
			dependencies = (
				0F24ED131DF115CD00C678F1 /* PBXTargetDependency */,
			);
			name = STCustomWidthLayoutExampleUITests;
			productName = STCustomWidthLayoutExampleUITests;
			productReference = 0F24ED111DF115CD00C678F1 /* STCustomWidthLayoutExampleUITests.xctest */;
			productType = "com.apple.product-type.bundle.ui-testing";
		};
/* End PBXNativeTarget section */

/* Begin PBXProject section */
		0F24ECF51DF115CD00C678F1 /* Project object */ = {
			isa = PBXProject;
			attributes = {
				LastSwiftUpdateCheck = 0720;
				LastUpgradeCheck = 0720;
				ORGANIZATIONNAME = CoderST;
				TargetAttributes = {
					0F24ECFC1DF115CD00C678F1 = {
						CreatedOnToolsVersion = 7.2;
					};
					0F24ED101DF115CD00C678F1 = {
						CreatedOnToolsVersion = 7.2;
						TestTargetID = 0F24ECFC1DF115CD00C678F1;
					};
				};
			};
			buildConfigurationList = 0F24ECF81DF115CD00C678F1 /* Build configuration list for PBXProject "STCustomWidthLayoutExample" */;
			compatibilityVersion = "Xcode 3.2";
			developmentRegion = English;
			hasScannedForEncodings = 0;
			knownRegions = (
				en,
				Base,
			);
			mainGroup = 0F24ECF41DF115CD00C678F1;
			productRefGroup = 0F24ECFE1DF115CD00C678F1 /* Products */;
			projectDirPath = "";
			projectRoot = "";
			targets = (
				0F24ECFC1DF115CD00C678F1 /* STCustomWidthLayoutExample */,
				0F24ED101DF115CD00C678F1 /* STCustomWidthLayoutExampleUITests */,
			);
		};
/* End PBXProject section */

/* Begin PBXResourcesBuildPhase section */
		0F24ECFB1DF115CD00C678F1 /* Resources */ = {
			isa = PBXResourcesBuildPhase;
			buildActionMask = 2147483647;
			files = (
				0F24ED0B1DF115CD00C678F1 /* LaunchScreen.storyboard in Resources */,
				0F24ED081DF115CD00C678F1 /* Assets.xcassets in Resources */,
				0F24ED061DF115CD00C678F1 /* Main.storyboard in Resources */,
			);
			runOnlyForDeploymentPostprocessing = 0;
		};
		0F24ED0F1DF115CD00C678F1 /* Resources */ = {
			isa = PBXResourcesBuildPhase;
			buildActionMask = 2147483647;
			files = (
			);
			runOnlyForDeploymentPostprocessing = 0;
		};
/* End PBXResourcesBuildPhase section */

/* Begin PBXShellScriptBuildPhase section */
		2570A613FCD7992DE5EDAD11 /* [CP] Check Pods Manifest.lock */ = {
			isa = PBXShellScriptBuildPhase;
			buildActionMask = 2147483647;
			files = (
			);
			inputPaths = (
			);
			name = "[CP] Check Pods Manifest.lock";
			outputPaths = (
			);
			runOnlyForDeploymentPostprocessing = 0;
			shellPath = /bin/sh;
			shellScript = "diff \"${PODS_ROOT}/../Podfile.lock\" \"${PODS_ROOT}/Manifest.lock\" > /dev/null\nif [ $? != 0 ] ; then\n    # print error to STDERR\n    echo \"error: The sandbox is not in sync with the Podfile.lock. Run 'pod install' or update your CocoaPods installation.\" >&2\n    exit 1\nfi\n";
			showEnvVarsInLog = 0;
		};
		74AEF64FE1B067CA8B1304F3 /* [CP] Embed Pods Frameworks */ = {
			isa = PBXShellScriptBuildPhase;
			buildActionMask = 2147483647;
			files = (
			);
			inputPaths = (
			);
			name = "[CP] Embed Pods Frameworks";
			outputPaths = (
			);
			runOnlyForDeploymentPostprocessing = 0;
			shellPath = /bin/sh;
			shellScript = "\"${SRCROOT}/Pods/Target Support Files/Pods-STCustomWidthLayoutExample/Pods-STCustomWidthLayoutExample-frameworks.sh\"\n";
			showEnvVarsInLog = 0;
		};
		F34315A3957AA4FA00547FE2 /* [CP] Copy Pods Resources */ = {
			isa = PBXShellScriptBuildPhase;
			buildActionMask = 2147483647;
			files = (
			);
			inputPaths = (
			);
			name = "[CP] Copy Pods Resources";
			outputPaths = (
			);
			runOnlyForDeploymentPostprocessing = 0;
			shellPath = /bin/sh;
			shellScript = "\"${SRCROOT}/Pods/Target Support Files/Pods-STCustomWidthLayoutExample/Pods-STCustomWidthLayoutExample-resources.sh\"\n";
			showEnvVarsInLog = 0;
		};
/* End PBXShellScriptBuildPhase section */

/* Begin PBXSourcesBuildPhase section */
		0F24ECF91DF115CD00C678F1 /* Sources */ = {
			isa = PBXSourcesBuildPhase;
			buildActionMask = 2147483647;
			files = (
				0F24ED031DF115CD00C678F1 /* ViewController.swift in Sources */,
				0F24ED011DF115CD00C678F1 /* AppDelegate.swift in Sources */,
			);
			runOnlyForDeploymentPostprocessing = 0;
		};
		0F24ED0D1DF115CD00C678F1 /* Sources */ = {
			isa = PBXSourcesBuildPhase;
			buildActionMask = 2147483647;
			files = (
				0F24ED161DF115CD00C678F1 /* STCustomWidthLayoutExampleUITests.swift in Sources */,
			);
			runOnlyForDeploymentPostprocessing = 0;
		};
/* End PBXSourcesBuildPhase section */

/* Begin PBXTargetDependency section */
		0F24ED131DF115CD00C678F1 /* PBXTargetDependency */ = {
			isa = PBXTargetDependency;
			target = 0F24ECFC1DF115CD00C678F1 /* STCustomWidthLayoutExample */;
			targetProxy = 0F24ED121DF115CD00C678F1 /* PBXContainerItemProxy */;
		};
/* End PBXTargetDependency section */

/* Begin PBXVariantGroup section */
		0F24ED041DF115CD00C678F1 /* Main.storyboard */ = {
			isa = PBXVariantGroup;
			children = (
				0F24ED051DF115CD00C678F1 /* Base */,
			);
			name = Main.storyboard;
			sourceTree = "<group>";
		};
		0F24ED091DF115CD00C678F1 /* LaunchScreen.storyboard */ = {
			isa = PBXVariantGroup;
			children = (
				0F24ED0A1DF115CD00C678F1 /* Base */,
			);
			name = LaunchScreen.storyboard;
			sourceTree = "<group>";
		};
/* End PBXVariantGroup section */

/* Begin XCBuildConfiguration section */
		0F24ED181DF115CD00C678F1 /* Debug */ = {
			isa = XCBuildConfiguration;
			buildSettings = {
				ALWAYS_SEARCH_USER_PATHS = NO;
				CLANG_CXX_LANGUAGE_STANDARD = "gnu++0x";
				CLANG_CXX_LIBRARY = "libc++";
				CLANG_ENABLE_MODULES = YES;
				CLANG_ENABLE_OBJC_ARC = YES;
				CLANG_WARN_BOOL_CONVERSION = YES;
				CLANG_WARN_CONSTANT_CONVERSION = YES;
				CLANG_WARN_DIRECT_OBJC_ISA_USAGE = YES_ERROR;
				CLANG_WARN_EMPTY_BODY = YES;
				CLANG_WARN_ENUM_CONVERSION = YES;
				CLANG_WARN_INT_CONVERSION = YES;
				CLANG_WARN_OBJC_ROOT_CLASS = YES_ERROR;
				CLANG_WARN_UNREACHABLE_CODE = YES;
				CLANG_WARN__DUPLICATE_METHOD_MATCH = YES;
				"CODE_SIGN_IDENTITY[sdk=iphoneos*]" = "iPhone Developer";
				COPY_PHASE_STRIP = NO;
				DEBUG_INFORMATION_FORMAT = dwarf;
				ENABLE_STRICT_OBJC_MSGSEND = YES;
				ENABLE_TESTABILITY = YES;
				GCC_C_LANGUAGE_STANDARD = gnu99;
				GCC_DYNAMIC_NO_PIC = NO;
				GCC_NO_COMMON_BLOCKS = YES;
				GCC_OPTIMIZATION_LEVEL = 0;
				GCC_PREPROCESSOR_DEFINITIONS = (
					"DEBUG=1",
					"$(inherited)",
				);
				GCC_WARN_64_TO_32_BIT_CONVERSION = YES;
				GCC_WARN_ABOUT_RETURN_TYPE = YES_ERROR;
				GCC_WARN_UNDECLARED_SELECTOR = YES;
				GCC_WARN_UNINITIALIZED_AUTOS = YES_AGGRESSIVE;
				GCC_WARN_UNUSED_FUNCTION = YES;
				GCC_WARN_UNUSED_VARIABLE = YES;
				IPHONEOS_DEPLOYMENT_TARGET = 9.2;
				MTL_ENABLE_DEBUG_INFO = YES;
				ONLY_ACTIVE_ARCH = YES;
				SDKROOT = iphoneos;
				SWIFT_OPTIMIZATION_LEVEL = "-Onone";
			};
			name = Debug;
		};
		0F24ED191DF115CD00C678F1 /* Release */ = {
			isa = XCBuildConfiguration;
			buildSettings = {
				ALWAYS_SEARCH_USER_PATHS = NO;
				CLANG_CXX_LANGUAGE_STANDARD = "gnu++0x";
				CLANG_CXX_LIBRARY = "libc++";
				CLANG_ENABLE_MODULES = YES;
				CLANG_ENABLE_OBJC_ARC = YES;
				CLANG_WARN_BOOL_CONVERSION = YES;
				CLANG_WARN_CONSTANT_CONVERSION = YES;
				CLANG_WARN_DIRECT_OBJC_ISA_USAGE = YES_ERROR;
				CLANG_WARN_EMPTY_BODY = YES;
				CLANG_WARN_ENUM_CONVERSION = YES;
				CLANG_WARN_INT_CONVERSION = YES;
				CLANG_WARN_OBJC_ROOT_CLASS = YES_ERROR;
				CLANG_WARN_UNREACHABLE_CODE = YES;
				CLANG_WARN__DUPLICATE_METHOD_MATCH = YES;
				"CODE_SIGN_IDENTITY[sdk=iphoneos*]" = "iPhone Developer";
				COPY_PHASE_STRIP = NO;
				DEBUG_INFORMATION_FORMAT = "dwarf-with-dsym";
				ENABLE_NS_ASSERTIONS = NO;
				ENABLE_STRICT_OBJC_MSGSEND = YES;
				GCC_C_LANGUAGE_STANDARD = gnu99;
				GCC_NO_COMMON_BLOCKS = YES;
				GCC_WARN_64_TO_32_BIT_CONVERSION = YES;
				GCC_WARN_ABOUT_RETURN_TYPE = YES_ERROR;
				GCC_WARN_UNDECLARED_SELECTOR = YES;
				GCC_WARN_UNINITIALIZED_AUTOS = YES_AGGRESSIVE;
				GCC_WARN_UNUSED_FUNCTION = YES;
				GCC_WARN_UNUSED_VARIABLE = YES;
				IPHONEOS_DEPLOYMENT_TARGET = 9.2;
				MTL_ENABLE_DEBUG_INFO = NO;
				SDKROOT = iphoneos;
				VALIDATE_PRODUCT = YES;
			};
			name = Release;
		};
		0F24ED1B1DF115CD00C678F1 /* Debug */ = {
			isa = XCBuildConfiguration;
			baseConfigurationReference = ECAB764130594BE941125076 /* Pods-STCustomWidthLayoutExample.debug.xcconfig */;
			buildSettings = {
				ASSETCATALOG_COMPILER_APPICON_NAME = AppIcon;
				INFOPLIST_FILE = STCustomWidthLayoutExample/Info.plist;
				LD_RUNPATH_SEARCH_PATHS = "$(inherited) @executable_path/Frameworks";
				PRODUCT_BUNDLE_IDENTIFIER = com.xiudou.STCustomWidthLayoutExample;
				PRODUCT_NAME = "$(TARGET_NAME)";
			};
			name = Debug;
		};
		0F24ED1C1DF115CD00C678F1 /* Release */ = {
			isa = XCBuildConfiguration;
			baseConfigurationReference = 586F1241A4105634740141E9 /* Pods-STCustomWidthLayoutExample.release.xcconfig */;
			buildSettings = {
				ASSETCATALOG_COMPILER_APPICON_NAME = AppIcon;
				INFOPLIST_FILE = STCustomWidthLayoutExample/Info.plist;
				LD_RUNPATH_SEARCH_PATHS = "$(inherited) @executable_path/Frameworks";
				PRODUCT_BUNDLE_IDENTIFIER = com.xiudou.STCustomWidthLayoutExample;
				PRODUCT_NAME = "$(TARGET_NAME)";
			};
			name = Release;
		};
		0F24ED1E1DF115CD00C678F1 /* Debug */ = {
			isa = XCBuildConfiguration;
			buildSettings = {
				INFOPLIST_FILE = STCustomWidthLayoutExampleUITests/Info.plist;
				LD_RUNPATH_SEARCH_PATHS = "$(inherited) @executable_path/Frameworks @loader_path/Frameworks";
				PRODUCT_BUNDLE_IDENTIFIER = com.xiudou.STCustomWidthLayoutExampleUITests;
				PRODUCT_NAME = "$(TARGET_NAME)";
				TEST_TARGET_NAME = STCustomWidthLayoutExample;
				USES_XCTRUNNER = YES;
			};
			name = Debug;
		};
		0F24ED1F1DF115CD00C678F1 /* Release */ = {
			isa = XCBuildConfiguration;
			buildSettings = {
				INFOPLIST_FILE = STCustomWidthLayoutExampleUITests/Info.plist;
				LD_RUNPATH_SEARCH_PATHS = "$(inherited) @executable_path/Frameworks @loader_path/Frameworks";
				PRODUCT_BUNDLE_IDENTIFIER = com.xiudou.STCustomWidthLayoutExampleUITests;
				PRODUCT_NAME = "$(TARGET_NAME)";
				TEST_TARGET_NAME = STCustomWidthLayoutExample;
				USES_XCTRUNNER = YES;
			};
			name = Release;
		};
/* End XCBuildConfiguration section */

/* Begin XCConfigurationList section */
		0F24ECF81DF115CD00C678F1 /* Build configuration list for PBXProject "STCustomWidthLayoutExample" */ = {
			isa = XCConfigurationList;
			buildConfigurations = (
				0F24ED181DF115CD00C678F1 /* Debug */,
				0F24ED191DF115CD00C678F1 /* Release */,
			);
			defaultConfigurationIsVisible = 0;
			defaultConfigurationName = Release;
		};
		0F24ED1A1DF115CD00C678F1 /* Build configuration list for PBXNativeTarget "STCustomWidthLayoutExample" */ = {
			isa = XCConfigurationList;
			buildConfigurations = (
				0F24ED1B1DF115CD00C678F1 /* Debug */,
				0F24ED1C1DF115CD00C678F1 /* Release */,
			);
			defaultConfigurationIsVisible = 0;
			defaultConfigurationName = Release;
		};
		0F24ED1D1DF115CD00C678F1 /* Build configuration list for PBXNativeTarget "STCustomWidthLayoutExampleUITests" */ = {
			isa = XCConfigurationList;
			buildConfigurations = (
				0F24ED1E1DF115CD00C678F1 /* Debug */,
				0F24ED1F1DF115CD00C678F1 /* Release */,
			);
			defaultConfigurationIsVisible = 0;
			defaultConfigurationName = Release;
		};
/* End XCConfigurationList section */
	};
	rootObject = 0F24ECF51DF115CD00C678F1 /* Project object */;
}
